// !$*UTF8*$!
{
	archiveVersion = 1;
	classes = {
	};
	objectVersion = 56;
	objects = {

/* Begin PBXBuildFile section */
		B4686C762ACD661300C0932F /* AppDelegate.swift in Sources */ = {isa = PBXBuildFile; fileRef = B4686C752ACD661300C0932F /* AppDelegate.swift */; };
		B4686C782ACD661300C0932F /* SceneDelegate.swift in Sources */ = {isa = PBXBuildFile; fileRef = B4686C772ACD661300C0932F /* SceneDelegate.swift */; };
		B4686C7F2ACD661400C0932F /* Assets.xcassets in Resources */ = {isa = PBXBuildFile; fileRef = B4686C7E2ACD661400C0932F /* Assets.xcassets */; };
		B4686C822ACD661400C0932F /* LaunchScreen.storyboard in Resources */ = {isa = PBXBuildFile; fileRef = B4686C802ACD661400C0932F /* LaunchScreen.storyboard */; };
		B4686C972ACD661400C0932F /* BitHealthProjectUITests.swift in Sources */ = {isa = PBXBuildFile; fileRef = B4686C962ACD661400C0932F /* BitHealthProjectUITests.swift */; };
		B4686C992ACD661400C0932F /* BitHealthProjectUITestsLaunchTests.swift in Sources */ = {isa = PBXBuildFile; fileRef = B4686C982ACD661400C0932F /* BitHealthProjectUITestsLaunchTests.swift */; };
		B4686CB22ACD681600C0932F /* UIImage+Extension.swift in Sources */ = {isa = PBXBuildFile; fileRef = B4686CB12ACD681600C0932F /* UIImage+Extension.swift */; };
		B4686CB42ACD692800C0932F /* LoginViewController.swift in Sources */ = {isa = PBXBuildFile; fileRef = B4686CB32ACD692800C0932F /* LoginViewController.swift */; };
		B4686CB62ACD69A300C0932F /* UIVIew+Extension.swift in Sources */ = {isa = PBXBuildFile; fileRef = B4686CB52ACD69A300C0932F /* UIVIew+Extension.swift */; };
		B4686CB82ACD6A5900C0932F /* UITextField+Extension.swift in Sources */ = {isa = PBXBuildFile; fileRef = B4686CB72ACD6A5900C0932F /* UITextField+Extension.swift */; };
		B4686CBB2ACD6AD100C0932F /* LoginComposer.swift in Sources */ = {isa = PBXBuildFile; fileRef = B4686CBA2ACD6AD100C0932F /* LoginComposer.swift */; };
		B4686CBD2ACD9D5F00C0932F /* UILabel+Extension.swift in Sources */ = {isa = PBXBuildFile; fileRef = B4686CBC2ACD9D5F00C0932F /* UILabel+Extension.swift */; };
		B4686CBF2ACDB59F00C0932F /* RegistrationViewController.swift in Sources */ = {isa = PBXBuildFile; fileRef = B4686CBE2ACDB59F00C0932F /* RegistrationViewController.swift */; };
		B4686CC22ACDB62200C0932F /* RegistrationComposer.swift in Sources */ = {isa = PBXBuildFile; fileRef = B4686CC12ACDB62200C0932F /* RegistrationComposer.swift */; };
		B4686CC42ACDB69100C0932F /* CompositionRoot.swift in Sources */ = {isa = PBXBuildFile; fileRef = B4686CC32ACDB69100C0932F /* CompositionRoot.swift */; };
		B4686CC72ACE69B500C0932F /* DefaultsKeys.swift in Sources */ = {isa = PBXBuildFile; fileRef = B4686CC62ACE69B500C0932F /* DefaultsKeys.swift */; };
		B4686CC92ACE6A0300C0932F /* UserDefaultsKeys.swift in Sources */ = {isa = PBXBuildFile; fileRef = B4686CC82ACE6A0300C0932F /* UserDefaultsKeys.swift */; };
		B4686CD52ACE777F00C0932F /* LoginViewModel.swift in Sources */ = {isa = PBXBuildFile; fileRef = B4686CD42ACE777F00C0932F /* LoginViewModel.swift */; };
		B4686CD72ACE79F200C0932F /* AlamofireHTTPClientTests.swift in Sources */ = {isa = PBXBuildFile; fileRef = B4686CD62ACE79F200C0932F /* AlamofireHTTPClientTests.swift */; };
		B4686CDC2ACE7A4F00C0932F /* HTTPClient.swift in Sources */ = {isa = PBXBuildFile; fileRef = B4686CDB2ACE7A4F00C0932F /* HTTPClient.swift */; };
		B4686CDF2ACE7A6800C0932F /* AlamofireHTTPClient.swift in Sources */ = {isa = PBXBuildFile; fileRef = B4686CDE2ACE7A6800C0932F /* AlamofireHTTPClient.swift */; };
		B4686CE22ACE7AC800C0932F /* Alamofire in Frameworks */ = {isa = PBXBuildFile; productRef = B4686CE12ACE7AC800C0932F /* Alamofire */; };
		B4686CE52ACE7C6E00C0932F /* URLProtocolStub.swift in Sources */ = {isa = PBXBuildFile; fileRef = B4686CE42ACE7C6E00C0932F /* URLProtocolStub.swift */; };
		B4686CE82ACE7C9400C0932F /* HTTPMethod.swift in Sources */ = {isa = PBXBuildFile; fileRef = B4686CE72ACE7C9400C0932F /* HTTPMethod.swift */; };
		B4686CEA2ACE7CA000C0932F /* APIEndpoint.swift in Sources */ = {isa = PBXBuildFile; fileRef = B4686CE92ACE7CA000C0932F /* APIEndpoint.swift */; };
/* End PBXBuildFile section */

/* Begin PBXContainerItemProxy section */
		B4686C892ACD661400C0932F /* PBXContainerItemProxy */ = {
			isa = PBXContainerItemProxy;
			containerPortal = B4686C6A2ACD661300C0932F /* Project object */;
			proxyType = 1;
			remoteGlobalIDString = B4686C712ACD661300C0932F;
			remoteInfo = BitHealthProject;
		};
		B4686C932ACD661400C0932F /* PBXContainerItemProxy */ = {
			isa = PBXContainerItemProxy;
			containerPortal = B4686C6A2ACD661300C0932F /* Project object */;
			proxyType = 1;
			remoteGlobalIDString = B4686C712ACD661300C0932F;
			remoteInfo = BitHealthProject;
		};
/* End PBXContainerItemProxy section */

/* Begin PBXFileReference section */
		B4686C722ACD661300C0932F /* BitHealthProject.app */ = {isa = PBXFileReference; explicitFileType = wrapper.application; includeInIndex = 0; path = BitHealthProject.app; sourceTree = BUILT_PRODUCTS_DIR; };
		B4686C752ACD661300C0932F /* AppDelegate.swift */ = {isa = PBXFileReference; lastKnownFileType = sourcecode.swift; path = AppDelegate.swift; sourceTree = "<group>"; };
		B4686C772ACD661300C0932F /* SceneDelegate.swift */ = {isa = PBXFileReference; lastKnownFileType = sourcecode.swift; path = SceneDelegate.swift; sourceTree = "<group>"; };
		B4686C7E2ACD661400C0932F /* Assets.xcassets */ = {isa = PBXFileReference; lastKnownFileType = folder.assetcatalog; path = Assets.xcassets; sourceTree = "<group>"; };
		B4686C812ACD661400C0932F /* Base */ = {isa = PBXFileReference; lastKnownFileType = file.storyboard; name = Base; path = Base.lproj/LaunchScreen.storyboard; sourceTree = "<group>"; };
		B4686C832ACD661400C0932F /* Info.plist */ = {isa = PBXFileReference; lastKnownFileType = text.plist.xml; path = Info.plist; sourceTree = "<group>"; };
		B4686C882ACD661400C0932F /* BitHealthProjectTests.xctest */ = {isa = PBXFileReference; explicitFileType = wrapper.cfbundle; includeInIndex = 0; path = BitHealthProjectTests.xctest; sourceTree = BUILT_PRODUCTS_DIR; };
		B4686C922ACD661400C0932F /* BitHealthProjectUITests.xctest */ = {isa = PBXFileReference; explicitFileType = wrapper.cfbundle; includeInIndex = 0; path = BitHealthProjectUITests.xctest; sourceTree = BUILT_PRODUCTS_DIR; };
		B4686C962ACD661400C0932F /* BitHealthProjectUITests.swift */ = {isa = PBXFileReference; lastKnownFileType = sourcecode.swift; path = BitHealthProjectUITests.swift; sourceTree = "<group>"; };
		B4686C982ACD661400C0932F /* BitHealthProjectUITestsLaunchTests.swift */ = {isa = PBXFileReference; lastKnownFileType = sourcecode.swift; path = BitHealthProjectUITestsLaunchTests.swift; sourceTree = "<group>"; };
		B4686CB12ACD681600C0932F /* UIImage+Extension.swift */ = {isa = PBXFileReference; lastKnownFileType = sourcecode.swift; path = "UIImage+Extension.swift"; sourceTree = "<group>"; };
		B4686CB32ACD692800C0932F /* LoginViewController.swift */ = {isa = PBXFileReference; lastKnownFileType = sourcecode.swift; path = LoginViewController.swift; sourceTree = "<group>"; };
		B4686CB52ACD69A300C0932F /* UIVIew+Extension.swift */ = {isa = PBXFileReference; lastKnownFileType = sourcecode.swift; path = "UIVIew+Extension.swift"; sourceTree = "<group>"; };
		B4686CB72ACD6A5900C0932F /* UITextField+Extension.swift */ = {isa = PBXFileReference; lastKnownFileType = sourcecode.swift; path = "UITextField+Extension.swift"; sourceTree = "<group>"; };
		B4686CBA2ACD6AD100C0932F /* LoginComposer.swift */ = {isa = PBXFileReference; lastKnownFileType = sourcecode.swift; path = LoginComposer.swift; sourceTree = "<group>"; };
		B4686CBC2ACD9D5F00C0932F /* UILabel+Extension.swift */ = {isa = PBXFileReference; lastKnownFileType = sourcecode.swift; path = "UILabel+Extension.swift"; sourceTree = "<group>"; };
		B4686CBE2ACDB59F00C0932F /* RegistrationViewController.swift */ = {isa = PBXFileReference; lastKnownFileType = sourcecode.swift; path = RegistrationViewController.swift; sourceTree = "<group>"; };
		B4686CC12ACDB62200C0932F /* RegistrationComposer.swift */ = {isa = PBXFileReference; lastKnownFileType = sourcecode.swift; path = RegistrationComposer.swift; sourceTree = "<group>"; };
		B4686CC32ACDB69100C0932F /* CompositionRoot.swift */ = {isa = PBXFileReference; lastKnownFileType = sourcecode.swift; path = CompositionRoot.swift; sourceTree = "<group>"; };
		B4686CC62ACE69B500C0932F /* DefaultsKeys.swift */ = {isa = PBXFileReference; lastKnownFileType = sourcecode.swift; path = DefaultsKeys.swift; sourceTree = "<group>"; };
		B4686CC82ACE6A0300C0932F /* UserDefaultsKeys.swift */ = {isa = PBXFileReference; lastKnownFileType = sourcecode.swift; path = UserDefaultsKeys.swift; sourceTree = "<group>"; };
		B4686CD42ACE777F00C0932F /* LoginViewModel.swift */ = {isa = PBXFileReference; lastKnownFileType = sourcecode.swift; path = LoginViewModel.swift; sourceTree = "<group>"; };
		B4686CD62ACE79F200C0932F /* AlamofireHTTPClientTests.swift */ = {isa = PBXFileReference; lastKnownFileType = sourcecode.swift; path = AlamofireHTTPClientTests.swift; sourceTree = "<group>"; };
		B4686CDB2ACE7A4F00C0932F /* HTTPClient.swift */ = {isa = PBXFileReference; lastKnownFileType = sourcecode.swift; path = HTTPClient.swift; sourceTree = "<group>"; };
		B4686CDE2ACE7A6800C0932F /* AlamofireHTTPClient.swift */ = {isa = PBXFileReference; lastKnownFileType = sourcecode.swift; path = AlamofireHTTPClient.swift; sourceTree = "<group>"; };
		B4686CE42ACE7C6E00C0932F /* URLProtocolStub.swift */ = {isa = PBXFileReference; lastKnownFileType = sourcecode.swift; path = URLProtocolStub.swift; sourceTree = "<group>"; };
		B4686CE72ACE7C9400C0932F /* HTTPMethod.swift */ = {isa = PBXFileReference; lastKnownFileType = sourcecode.swift; path = HTTPMethod.swift; sourceTree = "<group>"; };
		B4686CE92ACE7CA000C0932F /* APIEndpoint.swift */ = {isa = PBXFileReference; lastKnownFileType = sourcecode.swift; path = APIEndpoint.swift; sourceTree = "<group>"; };
		B4686CEB2ACE7DDC00C0932F /* BitHealthProjectUnitTestPlan.xctestplan */ = {isa = PBXFileReference; lastKnownFileType = text; name = BitHealthProjectUnitTestPlan.xctestplan; path = BitHealthProjectTests/BitHealthProjectUnitTestPlan.xctestplan; sourceTree = "<group>"; };
/* End PBXFileReference section */

/* Begin PBXFrameworksBuildPhase section */
		B4686C6F2ACD661300C0932F /* Frameworks */ = {
			isa = PBXFrameworksBuildPhase;
			buildActionMask = 2147483647;
			files = (
				B4686CE22ACE7AC800C0932F /* Alamofire in Frameworks */,
			);
			runOnlyForDeploymentPostprocessing = 0;
		};
		B4686C852ACD661400C0932F /* Frameworks */ = {
			isa = PBXFrameworksBuildPhase;
			buildActionMask = 2147483647;
			files = (
			);
			runOnlyForDeploymentPostprocessing = 0;
		};
		B4686C8F2ACD661400C0932F /* Frameworks */ = {
			isa = PBXFrameworksBuildPhase;
			buildActionMask = 2147483647;
			files = (
			);
			runOnlyForDeploymentPostprocessing = 0;
		};
/* End PBXFrameworksBuildPhase section */

/* Begin PBXGroup section */
		B4686C692ACD661300C0932F = {
			isa = PBXGroup;
			children = (
				B4686CEB2ACE7DDC00C0932F /* BitHealthProjectUnitTestPlan.xctestplan */,
				B4686C742ACD661300C0932F /* BitHealthProject */,
				B4686C8B2ACD661400C0932F /* BitHealthProjectTests */,
				B4686C952ACD661400C0932F /* BitHealthProjectUITests */,
				B4686C732ACD661300C0932F /* Products */,
			);
			sourceTree = "<group>";
		};
		B4686C732ACD661300C0932F /* Products */ = {
			isa = PBXGroup;
			children = (
				B4686C722ACD661300C0932F /* BitHealthProject.app */,
				B4686C882ACD661400C0932F /* BitHealthProjectTests.xctest */,
				B4686C922ACD661400C0932F /* BitHealthProjectUITests.xctest */,
			);
			name = Products;
			sourceTree = "<group>";
		};
		B4686C742ACD661300C0932F /* BitHealthProject */ = {
			isa = PBXGroup;
			children = (
				B4686CA92ACD670800C0932F /* App */,
				B4686CA82ACD66FE00C0932F /* Support */,
				B4686CA72ACD66F400C0932F /* Core */,
				B4686CA62ACD66EF00C0932F /* Domain */,
				B4686CA52ACD66E500C0932F /* Features */,
			);
			path = BitHealthProject;
			sourceTree = "<group>";
		};
		B4686C8B2ACD661400C0932F /* BitHealthProjectTests */ = {
			isa = PBXGroup;
			children = (
				B4686CD92ACE7A1B00C0932F /* Core */,
			);
			path = BitHealthProjectTests;
			sourceTree = "<group>";
		};
		B4686C952ACD661400C0932F /* BitHealthProjectUITests */ = {
			isa = PBXGroup;
			children = (
				B4686C962ACD661400C0932F /* BitHealthProjectUITests.swift */,
				B4686C982ACD661400C0932F /* BitHealthProjectUITestsLaunchTests.swift */,
			);
			path = BitHealthProjectUITests;
			sourceTree = "<group>";
		};
		B4686CA52ACD66E500C0932F /* Features */ = {
			isa = PBXGroup;
			children = (
				B4686CAB2ACD673800C0932F /* Registration */,
				B4686CAA2ACD671C00C0932F /* Login */,
			);
			path = Features;
			sourceTree = "<group>";
		};
		B4686CA62ACD66EF00C0932F /* Domain */ = {
			isa = PBXGroup;
			children = (
			);
			path = Domain;
			sourceTree = "<group>";
		};
		B4686CA72ACD66F400C0932F /* Core */ = {
			isa = PBXGroup;
			children = (
				B4686CD82ACE7A1400C0932F /* Remote */,
				B4686CC52ACE68B900C0932F /* UserDefaults */,
				B4686CB02ACD680B00C0932F /* Extension */,
			);
			path = Core;
			sourceTree = "<group>";
		};
		B4686CA82ACD66FE00C0932F /* Support */ = {
			isa = PBXGroup;
			children = (
				B4686C7E2ACD661400C0932F /* Assets.xcassets */,
				B4686C832ACD661400C0932F /* Info.plist */,
				B4686C802ACD661400C0932F /* LaunchScreen.storyboard */,
			);
			path = Support;
			sourceTree = "<group>";
		};
		B4686CA92ACD670800C0932F /* App */ = {
			isa = PBXGroup;
			children = (
				B4686CCA2ACE6C2D00C0932F /* Composition Root */,
				B4686C752ACD661300C0932F /* AppDelegate.swift */,
				B4686C772ACD661300C0932F /* SceneDelegate.swift */,
			);
			path = App;
			sourceTree = "<group>";
		};
		B4686CAA2ACD671C00C0932F /* Login */ = {
			isa = PBXGroup;
			children = (
				B4686CB92ACD6ACB00C0932F /* Composer */,
				B4686CAD2ACD674800C0932F /* Presentation */,
				B4686CAC2ACD674400C0932F /* UI */,
			);
			path = Login;
			sourceTree = "<group>";
		};
		B4686CAB2ACD673800C0932F /* Registration */ = {
			isa = PBXGroup;
			children = (
				B4686CC02ACDB61B00C0932F /* Composer */,
				B4686CAF2ACD675200C0932F /* Presentation */,
				B4686CAE2ACD674E00C0932F /* UI */,
			);
			path = Registration;
			sourceTree = "<group>";
		};
		B4686CAC2ACD674400C0932F /* UI */ = {
			isa = PBXGroup;
			children = (
				B4686CB32ACD692800C0932F /* LoginViewController.swift */,
			);
			path = UI;
			sourceTree = "<group>";
		};
		B4686CAD2ACD674800C0932F /* Presentation */ = {
			isa = PBXGroup;
			children = (
				B4686CD42ACE777F00C0932F /* LoginViewModel.swift */,
			);
			path = Presentation;
			sourceTree = "<group>";
		};
		B4686CAE2ACD674E00C0932F /* UI */ = {
			isa = PBXGroup;
			children = (
				B4686CBE2ACDB59F00C0932F /* RegistrationViewController.swift */,
			);
			path = UI;
			sourceTree = "<group>";
		};
		B4686CAF2ACD675200C0932F /* Presentation */ = {
			isa = PBXGroup;
			children = (
			);
			path = Presentation;
			sourceTree = "<group>";
		};
		B4686CB02ACD680B00C0932F /* Extension */ = {
			isa = PBXGroup;
			children = (
				B4686CB12ACD681600C0932F /* UIImage+Extension.swift */,
				B4686CB52ACD69A300C0932F /* UIVIew+Extension.swift */,
				B4686CB72ACD6A5900C0932F /* UITextField+Extension.swift */,
				B4686CBC2ACD9D5F00C0932F /* UILabel+Extension.swift */,
			);
			path = Extension;
			sourceTree = "<group>";
		};
		B4686CB92ACD6ACB00C0932F /* Composer */ = {
			isa = PBXGroup;
			children = (
				B4686CBA2ACD6AD100C0932F /* LoginComposer.swift */,
			);
			path = Composer;
			sourceTree = "<group>";
		};
		B4686CC02ACDB61B00C0932F /* Composer */ = {
			isa = PBXGroup;
			children = (
				B4686CC12ACDB62200C0932F /* RegistrationComposer.swift */,
			);
			path = Composer;
			sourceTree = "<group>";
		};
		B4686CC52ACE68B900C0932F /* UserDefaults */ = {
			isa = PBXGroup;
			children = (
				B4686CC62ACE69B500C0932F /* DefaultsKeys.swift */,
				B4686CC82ACE6A0300C0932F /* UserDefaultsKeys.swift */,
			);
			path = UserDefaults;
			sourceTree = "<group>";
		};
		B4686CCA2ACE6C2D00C0932F /* Composition Root */ = {
			isa = PBXGroup;
			children = (
				B4686CC32ACDB69100C0932F /* CompositionRoot.swift */,
			);
			path = "Composition Root";
			sourceTree = "<group>";
		};
		B4686CD82ACE7A1400C0932F /* Remote */ = {
			isa = PBXGroup;
			children = (
				B4686CE62ACE7C8B00C0932F /* Endpoint */,
				B4686CDD2ACE7A5F00C0932F /* Infrastructure */,
				B4686CDB2ACE7A4F00C0932F /* HTTPClient.swift */,
			);
			path = Remote;
			sourceTree = "<group>";
		};
		B4686CD92ACE7A1B00C0932F /* Core */ = {
			isa = PBXGroup;
			children = (
				B4686CDA2ACE7A2300C0932F /* Remote */,
			);
			path = Core;
			sourceTree = "<group>";
		};
		B4686CDA2ACE7A2300C0932F /* Remote */ = {
			isa = PBXGroup;
			children = (
				B4686CE32ACE7C5D00C0932F /* Helpers */,
				B4686CD62ACE79F200C0932F /* AlamofireHTTPClientTests.swift */,
			);
			path = Remote;
			sourceTree = "<group>";
		};
		B4686CDD2ACE7A5F00C0932F /* Infrastructure */ = {
			isa = PBXGroup;
			children = (
				B4686CDE2ACE7A6800C0932F /* AlamofireHTTPClient.swift */,
			);
			path = Infrastructure;
			sourceTree = "<group>";
		};
		B4686CE32ACE7C5D00C0932F /* Helpers */ = {
			isa = PBXGroup;
			children = (
				B4686CE42ACE7C6E00C0932F /* URLProtocolStub.swift */,
			);
			path = Helpers;
			sourceTree = "<group>";
		};
		B4686CE62ACE7C8B00C0932F /* Endpoint */ = {
			isa = PBXGroup;
			children = (
				B4686CE72ACE7C9400C0932F /* HTTPMethod.swift */,
				B4686CE92ACE7CA000C0932F /* APIEndpoint.swift */,
			);
			path = Endpoint;
			sourceTree = "<group>";
		};
/* End PBXGroup section */

/* Begin PBXNativeTarget section */
		B4686C712ACD661300C0932F /* BitHealthProject */ = {
			isa = PBXNativeTarget;
			buildConfigurationList = B4686C9C2ACD661400C0932F /* Build configuration list for PBXNativeTarget "BitHealthProject" */;
			buildPhases = (
				B4686C6E2ACD661300C0932F /* Sources */,
				B4686C6F2ACD661300C0932F /* Frameworks */,
				B4686C702ACD661300C0932F /* Resources */,
			);
			buildRules = (
			);
			dependencies = (
			);
			name = BitHealthProject;
			packageProductDependencies = (
				B4686CE12ACE7AC800C0932F /* Alamofire */,
			);
			productName = BitHealthProject;
			productReference = B4686C722ACD661300C0932F /* BitHealthProject.app */;
			productType = "com.apple.product-type.application";
		};
		B4686C872ACD661400C0932F /* BitHealthProjectTests */ = {
			isa = PBXNativeTarget;
			buildConfigurationList = B4686C9F2ACD661400C0932F /* Build configuration list for PBXNativeTarget "BitHealthProjectTests" */;
			buildPhases = (
				B4686C842ACD661400C0932F /* Sources */,
				B4686C852ACD661400C0932F /* Frameworks */,
				B4686C862ACD661400C0932F /* Resources */,
			);
			buildRules = (
			);
			dependencies = (
				B4686C8A2ACD661400C0932F /* PBXTargetDependency */,
			);
			name = BitHealthProjectTests;
			productName = BitHealthProjectTests;
			productReference = B4686C882ACD661400C0932F /* BitHealthProjectTests.xctest */;
			productType = "com.apple.product-type.bundle.unit-test";
		};
		B4686C912ACD661400C0932F /* BitHealthProjectUITests */ = {
			isa = PBXNativeTarget;
			buildConfigurationList = B4686CA22ACD661400C0932F /* Build configuration list for PBXNativeTarget "BitHealthProjectUITests" */;
			buildPhases = (
				B4686C8E2ACD661400C0932F /* Sources */,
				B4686C8F2ACD661400C0932F /* Frameworks */,
				B4686C902ACD661400C0932F /* Resources */,
			);
			buildRules = (
			);
			dependencies = (
				B4686C942ACD661400C0932F /* PBXTargetDependency */,
			);
			name = BitHealthProjectUITests;
			productName = BitHealthProjectUITests;
			productReference = B4686C922ACD661400C0932F /* BitHealthProjectUITests.xctest */;
			productType = "com.apple.product-type.bundle.ui-testing";
		};
/* End PBXNativeTarget section */

/* Begin PBXProject section */
		B4686C6A2ACD661300C0932F /* Project object */ = {
			isa = PBXProject;
			attributes = {
				BuildIndependentTargetsInParallel = 1;
				LastSwiftUpdateCheck = 1430;
				LastUpgradeCheck = 1430;
				TargetAttributes = {
					B4686C712ACD661300C0932F = {
						CreatedOnToolsVersion = 14.3.1;
					};
					B4686C872ACD661400C0932F = {
						CreatedOnToolsVersion = 14.3.1;
						TestTargetID = B4686C712ACD661300C0932F;
					};
					B4686C912ACD661400C0932F = {
						CreatedOnToolsVersion = 14.3.1;
						TestTargetID = B4686C712ACD661300C0932F;
					};
				};
			};
			buildConfigurationList = B4686C6D2ACD661300C0932F /* Build configuration list for PBXProject "BitHealthProject" */;
			compatibilityVersion = "Xcode 14.0";
			developmentRegion = en;
			hasScannedForEncodings = 0;
			knownRegions = (
				en,
				Base,
			);
			mainGroup = B4686C692ACD661300C0932F;
			packageReferences = (
				B4686CE02ACE7AC800C0932F /* XCRemoteSwiftPackageReference "Alamofire" */,
			);
			productRefGroup = B4686C732ACD661300C0932F /* Products */;
			projectDirPath = "";
			projectRoot = "";
			targets = (
				B4686C712ACD661300C0932F /* BitHealthProject */,
				B4686C872ACD661400C0932F /* BitHealthProjectTests */,
				B4686C912ACD661400C0932F /* BitHealthProjectUITests */,
			);
		};
/* End PBXProject section */

/* Begin PBXResourcesBuildPhase section */
		B4686C702ACD661300C0932F /* Resources */ = {
			isa = PBXResourcesBuildPhase;
			buildActionMask = 2147483647;
			files = (
				B4686C822ACD661400C0932F /* LaunchScreen.storyboard in Resources */,
				B4686C7F2ACD661400C0932F /* Assets.xcassets in Resources */,
			);
			runOnlyForDeploymentPostprocessing = 0;
		};
		B4686C862ACD661400C0932F /* Resources */ = {
			isa = PBXResourcesBuildPhase;
			buildActionMask = 2147483647;
			files = (
			);
			runOnlyForDeploymentPostprocessing = 0;
		};
		B4686C902ACD661400C0932F /* Resources */ = {
			isa = PBXResourcesBuildPhase;
			buildActionMask = 2147483647;
			files = (
			);
			runOnlyForDeploymentPostprocessing = 0;
		};
/* End PBXResourcesBuildPhase section */

/* Begin PBXSourcesBuildPhase section */
		B4686C6E2ACD661300C0932F /* Sources */ = {
			isa = PBXSourcesBuildPhase;
			buildActionMask = 2147483647;
			files = (
				B4686CC22ACDB62200C0932F /* RegistrationComposer.swift in Sources */,
				B4686CEA2ACE7CA000C0932F /* APIEndpoint.swift in Sources */,
				B4686CB62ACD69A300C0932F /* UIVIew+Extension.swift in Sources */,
				B4686CB82ACD6A5900C0932F /* UITextField+Extension.swift in Sources */,
				B4686CDF2ACE7A6800C0932F /* AlamofireHTTPClient.swift in Sources */,
				B4686CC42ACDB69100C0932F /* CompositionRoot.swift in Sources */,
				B4686C762ACD661300C0932F /* AppDelegate.swift in Sources */,
				B4686CBF2ACDB59F00C0932F /* RegistrationViewController.swift in Sources */,
				B4686CC72ACE69B500C0932F /* DefaultsKeys.swift in Sources */,
				B4686CD52ACE777F00C0932F /* LoginViewModel.swift in Sources */,
				B4686CC92ACE6A0300C0932F /* UserDefaultsKeys.swift in Sources */,
				B4686C782ACD661300C0932F /* SceneDelegate.swift in Sources */,
				B4686CB42ACD692800C0932F /* LoginViewController.swift in Sources */,
				B4686CE82ACE7C9400C0932F /* HTTPMethod.swift in Sources */,
				B4686CDC2ACE7A4F00C0932F /* HTTPClient.swift in Sources */,
				B4686CB22ACD681600C0932F /* UIImage+Extension.swift in Sources */,
				B4686CBB2ACD6AD100C0932F /* LoginComposer.swift in Sources */,
				B4686CBD2ACD9D5F00C0932F /* UILabel+Extension.swift in Sources */,
			);
			runOnlyForDeploymentPostprocessing = 0;
		};
		B4686C842ACD661400C0932F /* Sources */ = {
			isa = PBXSourcesBuildPhase;
			buildActionMask = 2147483647;
			files = (
				B4686CD72ACE79F200C0932F /* AlamofireHTTPClientTests.swift in Sources */,
				B4686CE52ACE7C6E00C0932F /* URLProtocolStub.swift in Sources */,
			);
			runOnlyForDeploymentPostprocessing = 0;
		};
		B4686C8E2ACD661400C0932F /* Sources */ = {
			isa = PBXSourcesBuildPhase;
			buildActionMask = 2147483647;
			files = (
				B4686C992ACD661400C0932F /* BitHealthProjectUITestsLaunchTests.swift in Sources */,
				B4686C972ACD661400C0932F /* BitHealthProjectUITests.swift in Sources */,
			);
			runOnlyForDeploymentPostprocessing = 0;
		};
/* End PBXSourcesBuildPhase section */

/* Begin PBXTargetDependency section */
		B4686C8A2ACD661400C0932F /* PBXTargetDependency */ = {
			isa = PBXTargetDependency;
			target = B4686C712ACD661300C0932F /* BitHealthProject */;
			targetProxy = B4686C892ACD661400C0932F /* PBXContainerItemProxy */;
		};
		B4686C942ACD661400C0932F /* PBXTargetDependency */ = {
			isa = PBXTargetDependency;
			target = B4686C712ACD661300C0932F /* BitHealthProject */;
			targetProxy = B4686C932ACD661400C0932F /* PBXContainerItemProxy */;
		};
/* End PBXTargetDependency section */

/* Begin PBXVariantGroup section */
		B4686C802ACD661400C0932F /* LaunchScreen.storyboard */ = {
			isa = PBXVariantGroup;
			children = (
				B4686C812ACD661400C0932F /* Base */,
			);
			name = LaunchScreen.storyboard;
			sourceTree = "<group>";
		};
/* End PBXVariantGroup section */

/* Begin XCBuildConfiguration section */
		B4686C9A2ACD661400C0932F /* Debug */ = {
			isa = XCBuildConfiguration;
			buildSettings = {
				ALWAYS_SEARCH_USER_PATHS = NO;
				CLANG_ANALYZER_NONNULL = YES;
				CLANG_ANALYZER_NUMBER_OBJECT_CONVERSION = YES_AGGRESSIVE;
				CLANG_CXX_LANGUAGE_STANDARD = "gnu++20";
				CLANG_ENABLE_MODULES = YES;
				CLANG_ENABLE_OBJC_ARC = YES;
				CLANG_ENABLE_OBJC_WEAK = YES;
				CLANG_WARN_BLOCK_CAPTURE_AUTORELEASING = YES;
				CLANG_WARN_BOOL_CONVERSION = YES;
				CLANG_WARN_COMMA = YES;
				CLANG_WARN_CONSTANT_CONVERSION = YES;
				CLANG_WARN_DEPRECATED_OBJC_IMPLEMENTATIONS = YES;
				CLANG_WARN_DIRECT_OBJC_ISA_USAGE = YES_ERROR;
				CLANG_WARN_DOCUMENTATION_COMMENTS = YES;
				CLANG_WARN_EMPTY_BODY = YES;
				CLANG_WARN_ENUM_CONVERSION = YES;
				CLANG_WARN_INFINITE_RECURSION = YES;
				CLANG_WARN_INT_CONVERSION = YES;
				CLANG_WARN_NON_LITERAL_NULL_CONVERSION = YES;
				CLANG_WARN_OBJC_IMPLICIT_RETAIN_SELF = YES;
				CLANG_WARN_OBJC_LITERAL_CONVERSION = YES;
				CLANG_WARN_OBJC_ROOT_CLASS = YES_ERROR;
				CLANG_WARN_QUOTED_INCLUDE_IN_FRAMEWORK_HEADER = YES;
				CLANG_WARN_RANGE_LOOP_ANALYSIS = YES;
				CLANG_WARN_STRICT_PROTOTYPES = YES;
				CLANG_WARN_SUSPICIOUS_MOVE = YES;
				CLANG_WARN_UNGUARDED_AVAILABILITY = YES_AGGRESSIVE;
				CLANG_WARN_UNREACHABLE_CODE = YES;
				CLANG_WARN__DUPLICATE_METHOD_MATCH = YES;
				COPY_PHASE_STRIP = NO;
				DEBUG_INFORMATION_FORMAT = dwarf;
				ENABLE_STRICT_OBJC_MSGSEND = YES;
				ENABLE_TESTABILITY = YES;
				GCC_C_LANGUAGE_STANDARD = gnu11;
				GCC_DYNAMIC_NO_PIC = NO;
				GCC_NO_COMMON_BLOCKS = YES;
				GCC_OPTIMIZATION_LEVEL = 0;
				GCC_PREPROCESSOR_DEFINITIONS = (
					"DEBUG=1",
					"$(inherited)",
				);
				GCC_WARN_64_TO_32_BIT_CONVERSION = YES;
				GCC_WARN_ABOUT_RETURN_TYPE = YES_ERROR;
				GCC_WARN_UNDECLARED_SELECTOR = YES;
				GCC_WARN_UNINITIALIZED_AUTOS = YES_AGGRESSIVE;
				GCC_WARN_UNUSED_FUNCTION = YES;
				GCC_WARN_UNUSED_VARIABLE = YES;
				IPHONEOS_DEPLOYMENT_TARGET = 16.4;
				MTL_ENABLE_DEBUG_INFO = INCLUDE_SOURCE;
				MTL_FAST_MATH = YES;
				ONLY_ACTIVE_ARCH = YES;
				SDKROOT = iphoneos;
				SWIFT_ACTIVE_COMPILATION_CONDITIONS = DEBUG;
				SWIFT_OPTIMIZATION_LEVEL = "-Onone";
			};
			name = Debug;
		};
		B4686C9B2ACD661400C0932F /* Release */ = {
			isa = XCBuildConfiguration;
			buildSettings = {
				ALWAYS_SEARCH_USER_PATHS = NO;
				CLANG_ANALYZER_NONNULL = YES;
				CLANG_ANALYZER_NUMBER_OBJECT_CONVERSION = YES_AGGRESSIVE;
				CLANG_CXX_LANGUAGE_STANDARD = "gnu++20";
				CLANG_ENABLE_MODULES = YES;
				CLANG_ENABLE_OBJC_ARC = YES;
				CLANG_ENABLE_OBJC_WEAK = YES;
				CLANG_WARN_BLOCK_CAPTURE_AUTORELEASING = YES;
				CLANG_WARN_BOOL_CONVERSION = YES;
				CLANG_WARN_COMMA = YES;
				CLANG_WARN_CONSTANT_CONVERSION = YES;
				CLANG_WARN_DEPRECATED_OBJC_IMPLEMENTATIONS = YES;
				CLANG_WARN_DIRECT_OBJC_ISA_USAGE = YES_ERROR;
				CLANG_WARN_DOCUMENTATION_COMMENTS = YES;
				CLANG_WARN_EMPTY_BODY = YES;
				CLANG_WARN_ENUM_CONVERSION = YES;
				CLANG_WARN_INFINITE_RECURSION = YES;
				CLANG_WARN_INT_CONVERSION = YES;
				CLANG_WARN_NON_LITERAL_NULL_CONVERSION = YES;
				CLANG_WARN_OBJC_IMPLICIT_RETAIN_SELF = YES;
				CLANG_WARN_OBJC_LITERAL_CONVERSION = YES;
				CLANG_WARN_OBJC_ROOT_CLASS = YES_ERROR;
				CLANG_WARN_QUOTED_INCLUDE_IN_FRAMEWORK_HEADER = YES;
				CLANG_WARN_RANGE_LOOP_ANALYSIS = YES;
				CLANG_WARN_STRICT_PROTOTYPES = YES;
				CLANG_WARN_SUSPICIOUS_MOVE = YES;
				CLANG_WARN_UNGUARDED_AVAILABILITY = YES_AGGRESSIVE;
				CLANG_WARN_UNREACHABLE_CODE = YES;
				CLANG_WARN__DUPLICATE_METHOD_MATCH = YES;
				COPY_PHASE_STRIP = NO;
				DEBUG_INFORMATION_FORMAT = "dwarf-with-dsym";
				ENABLE_NS_ASSERTIONS = NO;
				ENABLE_STRICT_OBJC_MSGSEND = YES;
				GCC_C_LANGUAGE_STANDARD = gnu11;
				GCC_NO_COMMON_BLOCKS = YES;
				GCC_WARN_64_TO_32_BIT_CONVERSION = YES;
				GCC_WARN_ABOUT_RETURN_TYPE = YES_ERROR;
				GCC_WARN_UNDECLARED_SELECTOR = YES;
				GCC_WARN_UNINITIALIZED_AUTOS = YES_AGGRESSIVE;
				GCC_WARN_UNUSED_FUNCTION = YES;
				GCC_WARN_UNUSED_VARIABLE = YES;
				IPHONEOS_DEPLOYMENT_TARGET = 16.4;
				MTL_ENABLE_DEBUG_INFO = NO;
				MTL_FAST_MATH = YES;
				SDKROOT = iphoneos;
				SWIFT_COMPILATION_MODE = wholemodule;
				SWIFT_OPTIMIZATION_LEVEL = "-O";
				VALIDATE_PRODUCT = YES;
			};
			name = Release;
		};
		B4686C9D2ACD661400C0932F /* Debug */ = {
			isa = XCBuildConfiguration;
			buildSettings = {
				ASSETCATALOG_COMPILER_APPICON_NAME = AppIcon;
				ASSETCATALOG_COMPILER_GLOBAL_ACCENT_COLOR_NAME = AccentColor;
				CODE_SIGN_STYLE = Automatic;
				CURRENT_PROJECT_VERSION = 1;
				DEVELOPMENT_TEAM = H443SZWX2N;
				GENERATE_INFOPLIST_FILE = YES;
				INFOPLIST_FILE = BitHealthProject/Support/Info.plist;
				INFOPLIST_KEY_UIApplicationSupportsIndirectInputEvents = YES;
				INFOPLIST_KEY_UILaunchStoryboardName = LaunchScreen;
				INFOPLIST_KEY_UIMainStoryboardFile = "";
				INFOPLIST_KEY_UISupportedInterfaceOrientations_iPad = "UIInterfaceOrientationPortrait UIInterfaceOrientationPortraitUpsideDown UIInterfaceOrientationLandscapeLeft UIInterfaceOrientationLandscapeRight";
				INFOPLIST_KEY_UISupportedInterfaceOrientations_iPhone = "UIInterfaceOrientationPortrait UIInterfaceOrientationLandscapeLeft UIInterfaceOrientationLandscapeRight";
				LD_RUNPATH_SEARCH_PATHS = (
					"$(inherited)",
					"@executable_path/Frameworks",
				);
				MARKETING_VERSION = 1.0;
				PRODUCT_BUNDLE_IDENTIFIER = com.zeroemotion.BitHealthProject;
				PRODUCT_NAME = "$(TARGET_NAME)";
				SWIFT_EMIT_LOC_STRINGS = YES;
				SWIFT_VERSION = 5.0;
				TARGETED_DEVICE_FAMILY = "1,2";
			};
			name = Debug;
		};
		B4686C9E2ACD661400C0932F /* Release */ = {
			isa = XCBuildConfiguration;
			buildSettings = {
				ASSETCATALOG_COMPILER_APPICON_NAME = AppIcon;
				ASSETCATALOG_COMPILER_GLOBAL_ACCENT_COLOR_NAME = AccentColor;
				CODE_SIGN_STYLE = Automatic;
				CURRENT_PROJECT_VERSION = 1;
				DEVELOPMENT_TEAM = H443SZWX2N;
				GENERATE_INFOPLIST_FILE = YES;
				INFOPLIST_FILE = BitHealthProject/Support/Info.plist;
				INFOPLIST_KEY_UIApplicationSupportsIndirectInputEvents = YES;
				INFOPLIST_KEY_UILaunchStoryboardName = LaunchScreen;
				INFOPLIST_KEY_UIMainStoryboardFile = "";
				INFOPLIST_KEY_UISupportedInterfaceOrientations_iPad = "UIInterfaceOrientationPortrait UIInterfaceOrientationPortraitUpsideDown UIInterfaceOrientationLandscapeLeft UIInterfaceOrientationLandscapeRight";
				INFOPLIST_KEY_UISupportedInterfaceOrientations_iPhone = "UIInterfaceOrientationPortrait UIInterfaceOrientationLandscapeLeft UIInterfaceOrientationLandscapeRight";
				LD_RUNPATH_SEARCH_PATHS = (
					"$(inherited)",
					"@executable_path/Frameworks",
				);
				MARKETING_VERSION = 1.0;
				PRODUCT_BUNDLE_IDENTIFIER = com.zeroemotion.BitHealthProject;
				PRODUCT_NAME = "$(TARGET_NAME)";
				SWIFT_EMIT_LOC_STRINGS = YES;
				SWIFT_VERSION = 5.0;
				TARGETED_DEVICE_FAMILY = "1,2";
			};
			name = Release;
		};
		B4686CA02ACD661400C0932F /* Debug */ = {
			isa = XCBuildConfiguration;
			buildSettings = {
				ALWAYS_EMBED_SWIFT_STANDARD_LIBRARIES = YES;
				BUNDLE_LOADER = "$(TEST_HOST)";
				CODE_SIGN_STYLE = Automatic;
				CURRENT_PROJECT_VERSION = 1;
				DEVELOPMENT_TEAM = H443SZWX2N;
				GENERATE_INFOPLIST_FILE = YES;
				IPHONEOS_DEPLOYMENT_TARGET = 16.4;
				MARKETING_VERSION = 1.0;
				PRODUCT_BUNDLE_IDENTIFIER = com.zeroemotion.BitHealthProjectTests;
				PRODUCT_NAME = "$(TARGET_NAME)";
				SWIFT_EMIT_LOC_STRINGS = NO;
				SWIFT_VERSION = 5.0;
				TARGETED_DEVICE_FAMILY = "1,2";
				TEST_HOST = "$(BUILT_PRODUCTS_DIR)/BitHealthProject.app/$(BUNDLE_EXECUTABLE_FOLDER_PATH)/BitHealthProject";
			};
			name = Debug;
		};
		B4686CA12ACD661400C0932F /* Release */ = {
			isa = XCBuildConfiguration;
			buildSettings = {
				ALWAYS_EMBED_SWIFT_STANDARD_LIBRARIES = YES;
				BUNDLE_LOADER = "$(TEST_HOST)";
				CODE_SIGN_STYLE = Automatic;
				CURRENT_PROJECT_VERSION = 1;
				DEVELOPMENT_TEAM = H443SZWX2N;
				GENERATE_INFOPLIST_FILE = YES;
				IPHONEOS_DEPLOYMENT_TARGET = 16.4;
				MARKETING_VERSION = 1.0;
				PRODUCT_BUNDLE_IDENTIFIER = com.zeroemotion.BitHealthProjectTests;
				PRODUCT_NAME = "$(TARGET_NAME)";
				SWIFT_EMIT_LOC_STRINGS = NO;
				SWIFT_VERSION = 5.0;
				TARGETED_DEVICE_FAMILY = "1,2";
				TEST_HOST = "$(BUILT_PRODUCTS_DIR)/BitHealthProject.app/$(BUNDLE_EXECUTABLE_FOLDER_PATH)/BitHealthProject";
			};
			name = Release;
		};
		B4686CA32ACD661400C0932F /* Debug */ = {
			isa = XCBuildConfiguration;
			buildSettings = {
				ALWAYS_EMBED_SWIFT_STANDARD_LIBRARIES = YES;
				CODE_SIGN_STYLE = Automatic;
				CURRENT_PROJECT_VERSION = 1;
				DEVELOPMENT_TEAM = H443SZWX2N;
				GENERATE_INFOPLIST_FILE = YES;
				MARKETING_VERSION = 1.0;
				PRODUCT_BUNDLE_IDENTIFIER = com.zeroemotion.BitHealthProjectUITests;
				PRODUCT_NAME = "$(TARGET_NAME)";
				SWIFT_EMIT_LOC_STRINGS = NO;
				SWIFT_VERSION = 5.0;
				TARGETED_DEVICE_FAMILY = "1,2";
				TEST_TARGET_NAME = BitHealthProject;
			};
			name = Debug;
		};
		B4686CA42ACD661400C0932F /* Release */ = {
			isa = XCBuildConfiguration;
			buildSettings = {
				ALWAYS_EMBED_SWIFT_STANDARD_LIBRARIES = YES;
				CODE_SIGN_STYLE = Automatic;
				CURRENT_PROJECT_VERSION = 1;
				DEVELOPMENT_TEAM = H443SZWX2N;
				GENERATE_INFOPLIST_FILE = YES;
				MARKETING_VERSION = 1.0;
				PRODUCT_BUNDLE_IDENTIFIER = com.zeroemotion.BitHealthProjectUITests;
				PRODUCT_NAME = "$(TARGET_NAME)";
				SWIFT_EMIT_LOC_STRINGS = NO;
				SWIFT_VERSION = 5.0;
				TARGETED_DEVICE_FAMILY = "1,2";
				TEST_TARGET_NAME = BitHealthProject;
			};
			name = Release;
		};
/* End XCBuildConfiguration section */

/* Begin XCConfigurationList section */
		B4686C6D2ACD661300C0932F /* Build configuration list for PBXProject "BitHealthProject" */ = {
			isa = XCConfigurationList;
			buildConfigurations = (
				B4686C9A2ACD661400C0932F /* Debug */,
				B4686C9B2ACD661400C0932F /* Release */,
			);
			defaultConfigurationIsVisible = 0;
			defaultConfigurationName = Release;
		};
		B4686C9C2ACD661400C0932F /* Build configuration list for PBXNativeTarget "BitHealthProject" */ = {
			isa = XCConfigurationList;
			buildConfigurations = (
				B4686C9D2ACD661400C0932F /* Debug */,
				B4686C9E2ACD661400C0932F /* Release */,
			);
			defaultConfigurationIsVisible = 0;
			defaultConfigurationName = Release;
		};
		B4686C9F2ACD661400C0932F /* Build configuration list for PBXNativeTarget "BitHealthProjectTests" */ = {
			isa = XCConfigurationList;
			buildConfigurations = (
				B4686CA02ACD661400C0932F /* Debug */,
				B4686CA12ACD661400C0932F /* Release */,
			);
			defaultConfigurationIsVisible = 0;
			defaultConfigurationName = Release;
		};
		B4686CA22ACD661400C0932F /* Build configuration list for PBXNativeTarget "BitHealthProjectUITests" */ = {
			isa = XCConfigurationList;
			buildConfigurations = (
				B4686CA32ACD661400C0932F /* Debug */,
				B4686CA42ACD661400C0932F /* Release */,
			);
			defaultConfigurationIsVisible = 0;
			defaultConfigurationName = Release;
		};
/* End XCConfigurationList section */

/* Begin XCRemoteSwiftPackageReference section */
		B4686CE02ACE7AC800C0932F /* XCRemoteSwiftPackageReference "Alamofire" */ = {
			isa = XCRemoteSwiftPackageReference;
			repositoryURL = "https://github.com/Alamofire/Alamofire";
			requirement = {
				kind = upToNextMajorVersion;
				minimumVersion = 5.0.0;
			};
		};
/* End XCRemoteSwiftPackageReference section */

/* Begin XCSwiftPackageProductDependency section */
		B4686CE12ACE7AC800C0932F /* Alamofire */ = {
			isa = XCSwiftPackageProductDependency;
			package = B4686CE02ACE7AC800C0932F /* XCRemoteSwiftPackageReference "Alamofire" */;
			productName = Alamofire;
		};
/* End XCSwiftPackageProductDependency section */
	};
	rootObject = B4686C6A2ACD661300C0932F /* Project object */;
}
